
Microsoft Visual Studio Solution File, Format Version 12.00
# Visual Studio 15
VisualStudioVersion = 15.0.28307.645
MinimumVisualStudioVersion = 10.0.40219.1
Project("{9A19103F-16F7-4668-BE54-9A1E7A4F7556}") = "ExchangeRates", "ExchangeRates\ExchangeRates\ExchangeRates.csproj", "{3D042D2A-7EF3-4EC6-9094-897BB687010D}"
EndProject
Project("{FAE04EC0-301F-11D3-BF4B-00C04F79EFBC}") = "ExchangeRates.Android", "ExchangeRates\ExchangeRates.Android\ExchangeRates.Android.csproj", "{ECC9AA54-D2C6-4E48-9A46-1E2E36EA1B67}"
EndProject
Project("{FAE04EC0-301F-11D3-BF4B-00C04F79EFBC}") = "ExchangeRates.iOS", "ExchangeRates\ExchangeRates.iOS\ExchangeRates.iOS.csproj", "{2CD0E2B6-825C-485A-AD85-D6B93983C82F}"
EndProject
Project("{FAE04EC0-301F-11D3-BF4B-00C04F79EFBC}") = "ExchangeRates.UITest", "ExchangeRatesUITest\ExchangeRates.UITest.csproj", "{B19C892E-2628-4CA7-AD27-08D406A3B14B}"
EndProject
Project("{9A19103F-16F7-4668-BE54-9A1E7A4F7556}") = "ExchangeRates.UnitTest", "ExchangeRatesUnitTest\ExchangeRates.UnitTest.csproj", "{85B589E8-83A1-4D5C-BEF6-67C4D33B1FD9}"
EndProject
Global
	GlobalSection(SolutionConfigurationPlatforms) = preSolution
		Ad-Hoc|Any CPU = Ad-Hoc|Any CPU
		Ad-Hoc|iPhone = Ad-Hoc|iPhone
		Ad-Hoc|iPhoneSimulator = Ad-Hoc|iPhoneSimulator
		AppStore|Any CPU = AppStore|Any CPU
		AppStore|iPhone = AppStore|iPhone
		AppStore|iPhoneSimulator = AppStore|iPhoneSimulator
		Debug|Any CPU = Debug|Any CPU
		Debug|iPhone = Debug|iPhone
		Debug|iPhoneSimulator = Debug|iPhoneSimulator
		Release|Any CPU = Release|Any CPU
		Release|iPhone = Release|iPhone
		Release|iPhoneSimulator = Release|iPhoneSimulator
	EndGlobalSection
	GlobalSection(ProjectConfigurationPlatforms) = postSolution
		{3D042D2A-7EF3-4EC6-9094-897BB687010D}.Ad-Hoc|Any CPU.ActiveCfg = Debug|Any CPU
		{3D042D2A-7EF3-4EC6-9094-897BB687010D}.Ad-Hoc|Any CPU.Build.0 = Debug|Any CPU
		{3D042D2A-7EF3-4EC6-9094-897BB687010D}.Ad-Hoc|iPhone.ActiveCfg = Debug|Any CPU
		{3D042D2A-7EF3-4EC6-9094-897BB687010D}.Ad-Hoc|iPhone.Build.0 = Debug|Any CPU
		{3D042D2A-7EF3-4EC6-9094-897BB687010D}.Ad-Hoc|iPhoneSimulator.ActiveCfg = Debug|Any CPU
		{3D042D2A-7EF3-4EC6-9094-897BB687010D}.Ad-Hoc|iPhoneSimulator.Build.0 = Debug|Any CPU
		{3D042D2A-7EF3-4EC6-9094-897BB687010D}.AppStore|Any CPU.ActiveCfg = Debug|Any CPU
		{3D042D2A-7EF3-4EC6-9094-897BB687010D}.AppStore|Any CPU.Build.0 = Debug|Any CPU
		{3D042D2A-7EF3-4EC6-9094-897BB687010D}.AppStore|iPhone.ActiveCfg = Debug|Any CPU
		{3D042D2A-7EF3-4EC6-9094-897BB687010D}.AppStore|iPhone.Build.0 = Debug|Any CPU
		{3D042D2A-7EF3-4EC6-9094-897BB687010D}.AppStore|iPhoneSimulator.ActiveCfg = Debug|Any CPU
		{3D042D2A-7EF3-4EC6-9094-897BB687010D}.AppStore|iPhoneSimulator.Build.0 = Debug|Any CPU
		{3D042D2A-7EF3-4EC6-9094-897BB687010D}.Debug|Any CPU.ActiveCfg = Debug|Any CPU
		{3D042D2A-7EF3-4EC6-9094-897BB687010D}.Debug|Any CPU.Build.0 = Debug|Any CPU
		{3D042D2A-7EF3-4EC6-9094-897BB687010D}.Debug|iPhone.ActiveCfg = Debug|Any CPU
		{3D042D2A-7EF3-4EC6-9094-897BB687010D}.Debug|iPhone.Build.0 = Debug|Any CPU
		{3D042D2A-7EF3-4EC6-9094-897BB687010D}.Debug|iPhoneSimulator.ActiveCfg = Debug|Any CPU
		{3D042D2A-7EF3-4EC6-9094-897BB687010D}.Debug|iPhoneSimulator.Build.0 = Debug|Any CPU
		{3D042D2A-7EF3-4EC6-9094-897BB687010D}.Release|Any CPU.ActiveCfg = Release|Any CPU
		{3D042D2A-7EF3-4EC6-9094-897BB687010D}.Release|Any CPU.Build.0 = Release|Any CPU
		{3D042D2A-7EF3-4EC6-9094-897BB687010D}.Release|iPhone.ActiveCfg = Release|Any CPU
		{3D042D2A-7EF3-4EC6-9094-897BB687010D}.Release|iPhone.Build.0 = Release|Any CPU
		{3D042D2A-7EF3-4EC6-9094-897BB687010D}.Release|iPhoneSimulator.ActiveCfg = Release|Any CPU
		{3D042D2A-7EF3-4EC6-9094-897BB687010D}.Release|iPhoneSimulator.Build.0 = Release|Any CPU
		{ECC9AA54-D2C6-4E48-9A46-1E2E36EA1B67}.Ad-Hoc|Any CPU.ActiveCfg = Release|Any CPU
		{ECC9AA54-D2C6-4E48-9A46-1E2E36EA1B67}.Ad-Hoc|Any CPU.Build.0 = Release|Any CPU
		{ECC9AA54-D2C6-4E48-9A46-1E2E36EA1B67}.Ad-Hoc|Any CPU.Deploy.0 = Release|Any CPU
		{ECC9AA54-D2C6-4E48-9A46-1E2E36EA1B67}.Ad-Hoc|iPhone.ActiveCfg = Release|Any CPU
		{ECC9AA54-D2C6-4E48-9A46-1E2E36EA1B67}.Ad-Hoc|iPhone.Build.0 = Release|Any CPU
		{ECC9AA54-D2C6-4E48-9A46-1E2E36EA1B67}.Ad-Hoc|iPhone.Deploy.0 = Release|Any CPU
		{ECC9AA54-D2C6-4E48-9A46-1E2E36EA1B67}.Ad-Hoc|iPhoneSimulator.ActiveCfg = Release|Any CPU
		{ECC9AA54-D2C6-4E48-9A46-1E2E36EA1B67}.Ad-Hoc|iPhoneSimulator.Build.0 = Release|Any CPU
		{ECC9AA54-D2C6-4E48-9A46-1E2E36EA1B67}.Ad-Hoc|iPhoneSimulator.Deploy.0 = Release|Any CPU
		{ECC9AA54-D2C6-4E48-9A46-1E2E36EA1B67}.AppStore|Any CPU.ActiveCfg = Release|Any CPU
		{ECC9AA54-D2C6-4E48-9A46-1E2E36EA1B67}.AppStore|Any CPU.Build.0 = Release|Any CPU
		{ECC9AA54-D2C6-4E48-9A46-1E2E36EA1B67}.AppStore|Any CPU.Deploy.0 = Release|Any CPU
		{ECC9AA54-D2C6-4E48-9A46-1E2E36EA1B67}.AppStore|iPhone.ActiveCfg = Release|Any CPU
		{ECC9AA54-D2C6-4E48-9A46-1E2E36EA1B67}.AppStore|iPhone.Build.0 = Release|Any CPU
		{ECC9AA54-D2C6-4E48-9A46-1E2E36EA1B67}.AppStore|iPhone.Deploy.0 = Release|Any CPU
		{ECC9AA54-D2C6-4E48-9A46-1E2E36EA1B67}.AppStore|iPhoneSimulator.ActiveCfg = Release|Any CPU
		{ECC9AA54-D2C6-4E48-9A46-1E2E36EA1B67}.AppStore|iPhoneSimulator.Build.0 = Release|Any CPU
		{ECC9AA54-D2C6-4E48-9A46-1E2E36EA1B67}.AppStore|iPhoneSimulator.Deploy.0 = Release|Any CPU
		{ECC9AA54-D2C6-4E48-9A46-1E2E36EA1B67}.Debug|Any CPU.ActiveCfg = Debug|Any CPU
		{ECC9AA54-D2C6-4E48-9A46-1E2E36EA1B67}.Debug|Any CPU.Build.0 = Debug|Any CPU
		{ECC9AA54-D2C6-4E48-9A46-1E2E36EA1B67}.Debug|Any CPU.Deploy.0 = Debug|Any CPU
		{ECC9AA54-D2C6-4E48-9A46-1E2E36EA1B67}.Debug|iPhone.ActiveCfg = Debug|Any CPU
		{ECC9AA54-D2C6-4E48-9A46-1E2E36EA1B67}.Debug|iPhone.Build.0 = Debug|Any CPU
		{ECC9AA54-D2C6-4E48-9A46-1E2E36EA1B67}.Debug|iPhone.Deploy.0 = Debug|Any CPU
		{ECC9AA54-D2C6-4E48-9A46-1E2E36EA1B67}.Debug|iPhoneSimulator.ActiveCfg = Debug|Any CPU
		{ECC9AA54-D2C6-4E48-9A46-1E2E36EA1B67}.Debug|iPhoneSimulator.Build.0 = Debug|Any CPU
		{ECC9AA54-D2C6-4E48-9A46-1E2E36EA1B67}.Debug|iPhoneSimulator.Deploy.0 = Debug|Any CPU
		{ECC9AA54-D2C6-4E48-9A46-1E2E36EA1B67}.Release|Any CPU.ActiveCfg = Release|Any CPU
		{ECC9AA54-D2C6-4E48-9A46-1E2E36EA1B67}.Release|Any CPU.Build.0 = Release|Any CPU
		{ECC9AA54-D2C6-4E48-9A46-1E2E36EA1B67}.Release|Any CPU.Deploy.0 = Release|Any CPU
		{ECC9AA54-D2C6-4E48-9A46-1E2E36EA1B67}.Release|iPhone.ActiveCfg = Release|Any CPU
		{ECC9AA54-D2C6-4E48-9A46-1E2E36EA1B67}.Release|iPhone.Build.0 = Release|Any CPU
		{ECC9AA54-D2C6-4E48-9A46-1E2E36EA1B67}.Release|iPhone.Deploy.0 = Release|Any CPU
		{ECC9AA54-D2C6-4E48-9A46-1E2E36EA1B67}.Release|iPhoneSimulator.ActiveCfg = Release|Any CPU
		{ECC9AA54-D2C6-4E48-9A46-1E2E36EA1B67}.Release|iPhoneSimulator.Build.0 = Release|Any CPU
		{ECC9AA54-D2C6-4E48-9A46-1E2E36EA1B67}.Release|iPhoneSimulator.Deploy.0 = Release|Any CPU
		{2CD0E2B6-825C-485A-AD85-D6B93983C82F}.Ad-Hoc|Any CPU.ActiveCfg = Ad-Hoc|iPhone
		{2CD0E2B6-825C-485A-AD85-D6B93983C82F}.Ad-Hoc|iPhone.ActiveCfg = Ad-Hoc|iPhone
		{2CD0E2B6-825C-485A-AD85-D6B93983C82F}.Ad-Hoc|iPhone.Build.0 = Ad-Hoc|iPhone
		{2CD0E2B6-825C-485A-AD85-D6B93983C82F}.Ad-Hoc|iPhoneSimulator.ActiveCfg = Ad-Hoc|iPhoneSimulator
		{2CD0E2B6-825C-485A-AD85-D6B93983C82F}.Ad-Hoc|iPhoneSimulator.Build.0 = Ad-Hoc|iPhoneSimulator
		{2CD0E2B6-825C-485A-AD85-D6B93983C82F}.AppStore|Any CPU.ActiveCfg = AppStore|iPhone
		{2CD0E2B6-825C-485A-AD85-D6B93983C82F}.AppStore|iPhone.ActiveCfg = AppStore|iPhone
		{2CD0E2B6-825C-485A-AD85-D6B93983C82F}.AppStore|iPhone.Build.0 = AppStore|iPhone
		{2CD0E2B6-825C-485A-AD85-D6B93983C82F}.AppStore|iPhoneSimulator.ActiveCfg = AppStore|iPhoneSimulator
		{2CD0E2B6-825C-485A-AD85-D6B93983C82F}.AppStore|iPhoneSimulator.Build.0 = AppStore|iPhoneSimulator
		{2CD0E2B6-825C-485A-AD85-D6B93983C82F}.Debug|Any CPU.ActiveCfg = Debug|iPhone
		{2CD0E2B6-825C-485A-AD85-D6B93983C82F}.Debug|iPhone.ActiveCfg = Debug|iPhone
		{2CD0E2B6-825C-485A-AD85-D6B93983C82F}.Debug|iPhone.Build.0 = Debug|iPhone
		{2CD0E2B6-825C-485A-AD85-D6B93983C82F}.Debug|iPhoneSimulator.ActiveCfg = Debug|iPhoneSimulator
		{2CD0E2B6-825C-485A-AD85-D6B93983C82F}.Debug|iPhoneSimulator.Build.0 = Debug|iPhoneSimulator
		{2CD0E2B6-825C-485A-AD85-D6B93983C82F}.Release|Any CPU.ActiveCfg = Release|iPhone
		{2CD0E2B6-825C-485A-AD85-D6B93983C82F}.Release|iPhone.ActiveCfg = Release|iPhone
		{2CD0E2B6-825C-485A-AD85-D6B93983C82F}.Release|iPhone.Build.0 = Release|iPhone
		{2CD0E2B6-825C-485A-AD85-D6B93983C82F}.Release|iPhoneSimulator.ActiveCfg = Release|iPhoneSimulator
		{2CD0E2B6-825C-485A-AD85-D6B93983C82F}.Release|iPhoneSimulator.Build.0 = Release|iPhoneSimulator
		{B19C892E-2628-4CA7-AD27-08D406A3B14B}.Ad-Hoc|Any CPU.ActiveCfg = Release|Any CPU
		{B19C892E-2628-4CA7-AD27-08D406A3B14B}.Ad-Hoc|Any CPU.Build.0 = Release|Any CPU
		{B19C892E-2628-4CA7-AD27-08D406A3B14B}.Ad-Hoc|iPhone.ActiveCfg = Release|Any CPU
		{B19C892E-2628-4CA7-AD27-08D406A3B14B}.Ad-Hoc|iPhone.Build.0 = Release|Any CPU
		{B19C892E-2628-4CA7-AD27-08D406A3B14B}.Ad-Hoc|iPhoneSimulator.ActiveCfg = Release|Any CPU
		{B19C892E-2628-4CA7-AD27-08D406A3B14B}.Ad-Hoc|iPhoneSimulator.Build.0 = Release|Any CPU
		{B19C892E-2628-4CA7-AD27-08D406A3B14B}.AppStore|Any CPU.ActiveCfg = Release|Any CPU
		{B19C892E-2628-4CA7-AD27-08D406A3B14B}.AppStore|Any CPU.Build.0 = Release|Any CPU
		{B19C892E-2628-4CA7-AD27-08D406A3B14B}.AppStore|iPhone.ActiveCfg = Release|Any CPU
		{B19C892E-2628-4CA7-AD27-08D406A3B14B}.AppStore|iPhone.Build.0 = Release|Any CPU
		{B19C892E-2628-4CA7-AD27-08D406A3B14B}.AppStore|iPhoneSimulator.ActiveCfg = Release|Any CPU
		{B19C892E-2628-4CA7-AD27-08D406A3B14B}.AppStore|iPhoneSimulator.Build.0 = Release|Any CPU
		{B19C892E-2628-4CA7-AD27-08D406A3B14B}.Debug|Any CPU.ActiveCfg = Debug|Any CPU
		{B19C892E-2628-4CA7-AD27-08D406A3B14B}.Debug|Any CPU.Build.0 = Debug|Any CPU
		{B19C892E-2628-4CA7-AD27-08D406A3B14B}.Debug|iPhone.ActiveCfg = Debug|Any CPU
		{B19C892E-2628-4CA7-AD27-08D406A3B14B}.Debug|iPhone.Build.0 = Debug|Any CPU
		{B19C892E-2628-4CA7-AD27-08D406A3B14B}.Debug|iPhoneSimulator.ActiveCfg = Debug|Any CPU
		{B19C892E-2628-4CA7-AD27-08D406A3B14B}.Debug|iPhoneSimulator.Build.0 = Debug|Any CPU
		{B19C892E-2628-4CA7-AD27-08D406A3B14B}.Release|Any CPU.ActiveCfg = Release|Any CPU
		{B19C892E-2628-4CA7-AD27-08D406A3B14B}.Release|Any CPU.Build.0 = Release|Any CPU
		{B19C892E-2628-4CA7-AD27-08D406A3B14B}.Release|iPhone.ActiveCfg = Release|Any CPU
		{B19C892E-2628-4CA7-AD27-08D406A3B14B}.Release|iPhone.Build.0 = Release|Any CPU
		{B19C892E-2628-4CA7-AD27-08D406A3B14B}.Release|iPhoneSimulator.ActiveCfg = Release|Any CPU
		{B19C892E-2628-4CA7-AD27-08D406A3B14B}.Release|iPhoneSimulator.Build.0 = Release|Any CPU
		{85B589E8-83A1-4D5C-BEF6-67C4D33B1FD9}.Ad-Hoc|Any CPU.ActiveCfg = Debug|Any CPU
		{85B589E8-83A1-4D5C-BEF6-67C4D33B1FD9}.Ad-Hoc|Any CPU.Build.0 = Debug|Any CPU
		{85B589E8-83A1-4D5C-BEF6-67C4D33B1FD9}.Ad-Hoc|iPhone.ActiveCfg = Debug|Any CPU
		{85B589E8-83A1-4D5C-BEF6-67C4D33B1FD9}.Ad-Hoc|iPhone.Build.0 = Debug|Any CPU
		{85B589E8-83A1-4D5C-BEF6-67C4D33B1FD9}.Ad-Hoc|iPhoneSimulator.ActiveCfg = Debug|Any CPU
		{85B589E8-83A1-4D5C-BEF6-67C4D33B1FD9}.Ad-Hoc|iPhoneSimulator.Build.0 = Debug|Any CPU
		{85B589E8-83A1-4D5C-BEF6-67C4D33B1FD9}.AppStore|Any CPU.ActiveCfg = Debug|Any CPU
		{85B589E8-83A1-4D5C-BEF6-67C4D33B1FD9}.AppStore|Any CPU.Build.0 = Debug|Any CPU
		{85B589E8-83A1-4D5C-BEF6-67C4D33B1FD9}.AppStore|iPhone.ActiveCfg = Debug|Any CPU
		{85B589E8-83A1-4D5C-BEF6-67C4D33B1FD9}.AppStore|iPhone.Build.0 = Debug|Any CPU
		{85B589E8-83A1-4D5C-BEF6-67C4D33B1FD9}.AppStore|iPhoneSimulator.ActiveCfg = Debug|Any CPU
		{85B589E8-83A1-4D5C-BEF6-67C4D33B1FD9}.AppStore|iPhoneSimulator.Build.0 = Debug|Any CPU
		{85B589E8-83A1-4D5C-BEF6-67C4D33B1FD9}.Debug|Any CPU.ActiveCfg = Debug|Any CPU
		{85B589E8-83A1-4D5C-BEF6-67C4D33B1FD9}.Debug|Any CPU.Build.0 = Debug|Any CPU
		{85B589E8-83A1-4D5C-BEF6-67C4D33B1FD9}.Debug|iPhone.ActiveCfg = Debug|Any CPU
		{85B589E8-83A1-4D5C-BEF6-67C4D33B1FD9}.Debug|iPhone.Build.0 = Debug|Any CPU
		{85B589E8-83A1-4D5C-BEF6-67C4D33B1FD9}.Debug|iPhoneSimulator.ActiveCfg = Debug|Any CPU
		{85B589E8-83A1-4D5C-BEF6-67C4D33B1FD9}.Debug|iPhoneSimulator.Build.0 = Debug|Any CPU
		{85B589E8-83A1-4D5C-BEF6-67C4D33B1FD9}.Release|Any CPU.ActiveCfg = Release|Any CPU
		{85B589E8-83A1-4D5C-BEF6-67C4D33B1FD9}.Release|Any CPU.Build.0 = Release|Any CPU
		{85B589E8-83A1-4D5C-BEF6-67C4D33B1FD9}.Release|iPhone.ActiveCfg = Release|Any CPU
		{85B589E8-83A1-4D5C-BEF6-67C4D33B1FD9}.Release|iPhone.Build.0 = Release|Any CPU
		{85B589E8-83A1-4D5C-BEF6-67C4D33B1FD9}.Release|iPhoneSimulator.ActiveCfg = Release|Any CPU
		{85B589E8-83A1-4D5C-BEF6-67C4D33B1FD9}.Release|iPhoneSimulator.Build.0 = Release|Any CPU
	EndGlobalSection
	GlobalSection(SolutionProperties) = preSolution
		HideSolutionNode = FALSE
	EndGlobalSection
	GlobalSection(ExtensibilityGlobals) = postSolution
		SolutionGuid = {974A099A-64E6-46EA-A36A-F0167BA3036E}
	EndGlobalSection
EndGlobal
